// !$*UTF8*$!
{
	archiveVersion = 1;
	classes = {
	};
	objectVersion = 77;
	objects = {

/* Begin PBXBuildFile section */
		02AFF82A36220A6CB78016E5 /* StartMyAppApp.swift in Sources */ = {isa = PBXBuildFile; fileRef = 019C93461E77CBBC4A908043 /* StartMyAppApp.swift */; };
		0B82E5BB4CCC1B29F683A4CA /* AppTile.swift in Sources */ = {isa = PBXBuildFile; fileRef = 85457C7ACD0ACDB4DC8F9C78 /* AppTile.swift */; };
		0ED9B2DD460DABB7877A3C7C /* SemanticSearchService.swift in Sources */ = {isa = PBXBuildFile; fileRef = 1A3B2385A41D3A668D596060 /* SemanticSearchService.swift */; };
		2522C21986959166F9EF7B6D /* Assets.xcassets in Resources */ = {isa = PBXBuildFile; fileRef = 5CF3D52298A80FDF2022766F /* Assets.xcassets */; };
		2CE722CE4A3B395613B04C5C /* ApplicationDirectoryMonitor.swift in Sources */ = {isa = PBXBuildFile; fileRef = A8E93DEF00723845EEA7862F /* ApplicationDirectoryMonitor.swift */; };
		33B6B9491BEB5AA7C3D1DB62 /* ShortcutCoordinator.swift in Sources */ = {isa = PBXBuildFile; fileRef = 929E04413D2F2598521F1617 /* ShortcutCoordinator.swift */; };
		34910B58D9ADBCB674713E26 /* ApplicationsGridView.swift in Sources */ = {isa = PBXBuildFile; fileRef = 7948BBC51E931F1C77C09A95 /* ApplicationsGridView.swift */; };
		353A0145017CC709D252B5CF /* LaunchDeckCore in Frameworks */ = {isa = PBXBuildFile; productRef = 60628F0A59D3D7464B9ACF33 /* LaunchDeckCore */; };
		3803F559F86D9925781D1EA7 /* AboutView.swift in Sources */ = {isa = PBXBuildFile; fileRef = 6DC101F0A1374432D8FE2DCF /* AboutView.swift */; };
		3FF1232E1EDF75140324A90A /* KeyboardShortcutPreference.swift in Sources */ = {isa = PBXBuildFile; fileRef = 77743B2359DC74023490931D /* KeyboardShortcutPreference.swift */; };
		4196500FF0036DA8B3345ABB /* WindowManager.swift in Sources */ = {isa = PBXBuildFile; fileRef = F01B170DB7EFB1D55E37E7B2 /* WindowManager.swift */; };
		47BF5EE05DC1418F62467B00 /* GlobalShortcutCenter.swift in Sources */ = {isa = PBXBuildFile; fileRef = 89893250D5DF87775FFDB58D /* GlobalShortcutCenter.swift */; };
		59BB63E15F42330F2ABAE7B5 /* AppIconCache.swift in Sources */ = {isa = PBXBuildFile; fileRef = EF365BB60BCFD760DF2F031B /* AppIconCache.swift */; };
		59C15311712AAC258F339C56 /* SemanticSearchController.swift in Sources */ = {isa = PBXBuildFile; fileRef = EEE6EED7906823F671F75C52 /* SemanticSearchController.swift */; };
		5D9AF963A20B03FE01305ACA /* FolderTile.swift in Sources */ = {isa = PBXBuildFile; fileRef = 6B822DEFA5BF878495654449 /* FolderTile.swift */; };
		67811DBFE1C2D36F25479D78 /* LayoutController.swift in Sources */ = {isa = PBXBuildFile; fileRef = 0F72BBAA2C56854307CA5607 /* LayoutController.swift */; };
		6E664EF0AF88C0D43C9A5BCD /* AppState.swift in Sources */ = {isa = PBXBuildFile; fileRef = B7FCC38CC0AE7FD9702FF4EC /* AppState.swift */; };
		7877C2A8D44DD65D0F7AE9CB /* StatusItemCoordinator.swift in Sources */ = {isa = PBXBuildFile; fileRef = 5A1D25701E403E81EFAB0DBC /* StatusItemCoordinator.swift */; };
		7F4C4259A130D4770C91F215 /* AboutWindowController.swift in Sources */ = {isa = PBXBuildFile; fileRef = 3145F7C21D496CF72FE3D830 /* AboutWindowController.swift */; };
		8D96201155B6E022FE8A2633 /* SettingsView.swift in Sources */ = {isa = PBXBuildFile; fileRef = 9F5221B081AC1694945F7F59 /* SettingsView.swift */; };
		A3CB0A0A79A509647E9352BB /* AppGridSection.swift in Sources */ = {isa = PBXBuildFile; fileRef = 9822B294B14643F31C650F83 /* AppGridSection.swift */; };
		AAFFD1EE58FF59E9292C6DE5 /* WindowAccessor.swift in Sources */ = {isa = PBXBuildFile; fileRef = CE0F9A210818A5BC124A22EA /* WindowAccessor.swift */; };
		AD77A8B767839C05543B1873 /* LayoutStore.swift in Sources */ = {isa = PBXBuildFile; fileRef = 94459895E5928C29DEAC6316 /* LayoutStore.swift */; };
		C5FB55D0DF0F082D7F05E0C7 /* Bundle+AppName.swift in Sources */ = {isa = PBXBuildFile; fileRef = 1A03C09647B982BB33855E70 /* Bundle+AppName.swift */; };
		CE8992008E7A2D3DF7489E7A /* RecentsStore.swift in Sources */ = {isa = PBXBuildFile; fileRef = 240191C89F8A64CE0BF6539F /* RecentsStore.swift */; };
		E4579325376D51C0FB3E90FF /* AppPreferences.swift in Sources */ = {isa = PBXBuildFile; fileRef = 74EF197325BD9A78DBAA5955 /* AppPreferences.swift */; };
		E50922A9B5894E8813FACE8A /* FavoritesStore.swift in Sources */ = {isa = PBXBuildFile; fileRef = 29BCF44F0EE986AB33E031E7 /* FavoritesStore.swift */; };
		E51707E6F99DF3FB21ED50FF /* ShortcutRecorderView.swift in Sources */ = {isa = PBXBuildFile; fileRef = 606438DD9669CFE654FB792D /* ShortcutRecorderView.swift */; };
		F13C094CB540D7D7643937E0 /* VisualEffectBackground.swift in Sources */ = {isa = PBXBuildFile; fileRef = 53C28913B56084A90B86BE9B /* VisualEffectBackground.swift */; };
		FF5F2B759D7B41D1278E01BA /* ContentView.swift in Sources */ = {isa = PBXBuildFile; fileRef = 911299E2ED51F00C87025E9C /* ContentView.swift */; };
/* End PBXBuildFile section */

/* Begin PBXFileReference section */
		019C93461E77CBBC4A908043 /* StartMyAppApp.swift */ = {isa = PBXFileReference; lastKnownFileType = sourcecode.swift; path = StartMyAppApp.swift; sourceTree = "<group>"; };
		0F72BBAA2C56854307CA5607 /* LayoutController.swift */ = {isa = PBXFileReference; lastKnownFileType = sourcecode.swift; path = LayoutController.swift; sourceTree = "<group>"; };
		198F0D33EC315BF6B81A465D /* StartMyApp.app */ = {isa = PBXFileReference; explicitFileType = wrapper.application; includeInIndex = 0; path = StartMyApp.app; sourceTree = BUILT_PRODUCTS_DIR; };
		1A03C09647B982BB33855E70 /* Bundle+AppName.swift */ = {isa = PBXFileReference; lastKnownFileType = sourcecode.swift; path = "Bundle+AppName.swift"; sourceTree = "<group>"; };
		1A3B2385A41D3A668D596060 /* SemanticSearchService.swift */ = {isa = PBXFileReference; lastKnownFileType = sourcecode.swift; path = SemanticSearchService.swift; sourceTree = "<group>"; };
		240191C89F8A64CE0BF6539F /* RecentsStore.swift */ = {isa = PBXFileReference; lastKnownFileType = sourcecode.swift; path = RecentsStore.swift; sourceTree = "<group>"; };
		29BCF44F0EE986AB33E031E7 /* FavoritesStore.swift */ = {isa = PBXFileReference; lastKnownFileType = sourcecode.swift; path = FavoritesStore.swift; sourceTree = "<group>"; };
		3145F7C21D496CF72FE3D830 /* AboutWindowController.swift */ = {isa = PBXFileReference; lastKnownFileType = sourcecode.swift; path = AboutWindowController.swift; sourceTree = "<group>"; };
		53C28913B56084A90B86BE9B /* VisualEffectBackground.swift */ = {isa = PBXFileReference; lastKnownFileType = sourcecode.swift; path = VisualEffectBackground.swift; sourceTree = "<group>"; };
		5A1D25701E403E81EFAB0DBC /* StatusItemCoordinator.swift */ = {isa = PBXFileReference; lastKnownFileType = sourcecode.swift; path = StatusItemCoordinator.swift; sourceTree = "<group>"; };
		5CF3D52298A80FDF2022766F /* Assets.xcassets */ = {isa = PBXFileReference; lastKnownFileType = folder.assetcatalog; path = Assets.xcassets; sourceTree = "<group>"; };
		606438DD9669CFE654FB792D /* ShortcutRecorderView.swift */ = {isa = PBXFileReference; lastKnownFileType = sourcecode.swift; path = ShortcutRecorderView.swift; sourceTree = "<group>"; };
		6B822DEFA5BF878495654449 /* FolderTile.swift */ = {isa = PBXFileReference; lastKnownFileType = sourcecode.swift; path = FolderTile.swift; sourceTree = "<group>"; };
		6DC101F0A1374432D8FE2DCF /* AboutView.swift */ = {isa = PBXFileReference; lastKnownFileType = sourcecode.swift; path = AboutView.swift; sourceTree = "<group>"; };
		74EF197325BD9A78DBAA5955 /* AppPreferences.swift */ = {isa = PBXFileReference; lastKnownFileType = sourcecode.swift; path = AppPreferences.swift; sourceTree = "<group>"; };
		77743B2359DC74023490931D /* KeyboardShortcutPreference.swift */ = {isa = PBXFileReference; lastKnownFileType = sourcecode.swift; path = KeyboardShortcutPreference.swift; sourceTree = "<group>"; };
		7948BBC51E931F1C77C09A95 /* ApplicationsGridView.swift */ = {isa = PBXFileReference; lastKnownFileType = sourcecode.swift; path = ApplicationsGridView.swift; sourceTree = "<group>"; };
		85457C7ACD0ACDB4DC8F9C78 /* AppTile.swift */ = {isa = PBXFileReference; lastKnownFileType = sourcecode.swift; path = AppTile.swift; sourceTree = "<group>"; };
		89893250D5DF87775FFDB58D /* GlobalShortcutCenter.swift */ = {isa = PBXFileReference; lastKnownFileType = sourcecode.swift; path = GlobalShortcutCenter.swift; sourceTree = "<group>"; };
		911299E2ED51F00C87025E9C /* ContentView.swift */ = {isa = PBXFileReference; lastKnownFileType = sourcecode.swift; path = ContentView.swift; sourceTree = "<group>"; };
		929E04413D2F2598521F1617 /* ShortcutCoordinator.swift */ = {isa = PBXFileReference; lastKnownFileType = sourcecode.swift; path = ShortcutCoordinator.swift; sourceTree = "<group>"; };
		94459895E5928C29DEAC6316 /* LayoutStore.swift */ = {isa = PBXFileReference; lastKnownFileType = sourcecode.swift; path = LayoutStore.swift; sourceTree = "<group>"; };
		9822B294B14643F31C650F83 /* AppGridSection.swift */ = {isa = PBXFileReference; lastKnownFileType = sourcecode.swift; path = AppGridSection.swift; sourceTree = "<group>"; };
		9F5221B081AC1694945F7F59 /* SettingsView.swift */ = {isa = PBXFileReference; lastKnownFileType = sourcecode.swift; path = SettingsView.swift; sourceTree = "<group>"; };
		A8E93DEF00723845EEA7862F /* ApplicationDirectoryMonitor.swift */ = {isa = PBXFileReference; lastKnownFileType = sourcecode.swift; path = ApplicationDirectoryMonitor.swift; sourceTree = "<group>"; };
		B09690E5EDC020FBB024BDBA /* Core */ = {isa = PBXFileReference; lastKnownFileType = folder; name = Core; path = Core; sourceTree = SOURCE_ROOT; };
		B7FCC38CC0AE7FD9702FF4EC /* AppState.swift */ = {isa = PBXFileReference; lastKnownFileType = sourcecode.swift; path = AppState.swift; sourceTree = "<group>"; };
		CE0F9A210818A5BC124A22EA /* WindowAccessor.swift */ = {isa = PBXFileReference; lastKnownFileType = sourcecode.swift; path = WindowAccessor.swift; sourceTree = "<group>"; };
		EEE6EED7906823F671F75C52 /* SemanticSearchController.swift */ = {isa = PBXFileReference; lastKnownFileType = sourcecode.swift; path = SemanticSearchController.swift; sourceTree = "<group>"; };
		EF365BB60BCFD760DF2F031B /* AppIconCache.swift */ = {isa = PBXFileReference; lastKnownFileType = sourcecode.swift; path = AppIconCache.swift; sourceTree = "<group>"; };
		F01B170DB7EFB1D55E37E7B2 /* WindowManager.swift */ = {isa = PBXFileReference; lastKnownFileType = sourcecode.swift; path = WindowManager.swift; sourceTree = "<group>"; };
/* End PBXFileReference section */

/* Begin PBXFrameworksBuildPhase section */
		11670EBBE9197BDE077E2C1B /* Frameworks */ = {
			isa = PBXFrameworksBuildPhase;
			buildActionMask = 2147483647;
			files = (
				353A0145017CC709D252B5CF /* LaunchDeckCore in Frameworks */,
			);
			runOnlyForDeploymentPostprocessing = 0;
		};
/* End PBXFrameworksBuildPhase section */

/* Begin PBXGroup section */
		03E8DE53B6FDF90091EFCB20 /* Products */ = {
			isa = PBXGroup;
			children = (
				198F0D33EC315BF6B81A465D /* StartMyApp.app */,
			);
			name = Products;
			sourceTree = "<group>";
		};
		20412BAEA15993BE9A9EEF46 /* Models */ = {
			isa = PBXGroup;
			children = (
				74EF197325BD9A78DBAA5955 /* AppPreferences.swift */,
				77743B2359DC74023490931D /* KeyboardShortcutPreference.swift */,
			);
			path = Models;
			sourceTree = "<group>";
		};
		3252100603716E0F25450260 /* Extensions */ = {
			isa = PBXGroup;
			children = (
				1A03C09647B982BB33855E70 /* Bundle+AppName.swift */,
			);
			path = Extensions;
			sourceTree = "<group>";
		};
		82C68948153CCB4FBDF1B90C /* Packages */ = {
			isa = PBXGroup;
			children = (
				B09690E5EDC020FBB024BDBA /* Core */,
			);
			name = Packages;
			sourceTree = "<group>";
		};
		AE0D60C9454523DB5CB6932D /* Services */ = {
			isa = PBXGroup;
			children = (
				3145F7C21D496CF72FE3D830 /* AboutWindowController.swift */,
				EF365BB60BCFD760DF2F031B /* AppIconCache.swift */,
				A8E93DEF00723845EEA7862F /* ApplicationDirectoryMonitor.swift */,
				29BCF44F0EE986AB33E031E7 /* FavoritesStore.swift */,
				89893250D5DF87775FFDB58D /* GlobalShortcutCenter.swift */,
				0F72BBAA2C56854307CA5607 /* LayoutController.swift */,
				94459895E5928C29DEAC6316 /* LayoutStore.swift */,
				240191C89F8A64CE0BF6539F /* RecentsStore.swift */,
				EEE6EED7906823F671F75C52 /* SemanticSearchController.swift */,
				1A3B2385A41D3A668D596060 /* SemanticSearchService.swift */,
				929E04413D2F2598521F1617 /* ShortcutCoordinator.swift */,
				5A1D25701E403E81EFAB0DBC /* StatusItemCoordinator.swift */,
				F01B170DB7EFB1D55E37E7B2 /* WindowManager.swift */,
			);
			path = Services;
			sourceTree = "<group>";
		};
		B6ABEC1DC65AD25D0AE83104 /* Views */ = {
			isa = PBXGroup;
			children = (
				6DC101F0A1374432D8FE2DCF /* AboutView.swift */,
				9822B294B14643F31C650F83 /* AppGridSection.swift */,
				7948BBC51E931F1C77C09A95 /* ApplicationsGridView.swift */,
				85457C7ACD0ACDB4DC8F9C78 /* AppTile.swift */,
				6B822DEFA5BF878495654449 /* FolderTile.swift */,
				9F5221B081AC1694945F7F59 /* SettingsView.swift */,
				606438DD9669CFE654FB792D /* ShortcutRecorderView.swift */,
				53C28913B56084A90B86BE9B /* VisualEffectBackground.swift */,
				CE0F9A210818A5BC124A22EA /* WindowAccessor.swift */,
			);
			path = Views;
			sourceTree = "<group>";
		};
		F2034A1B16F68049EA53D794 = {
			isa = PBXGroup;
			children = (
				82C68948153CCB4FBDF1B90C /* Packages */,
				F8CA57BFE49A71FC647155E0 /* StartMyApp */,
				03E8DE53B6FDF90091EFCB20 /* Products */,
			);
			sourceTree = "<group>";
		};
		F8CA57BFE49A71FC647155E0 /* StartMyApp */ = {
			isa = PBXGroup;
			children = (
				B7FCC38CC0AE7FD9702FF4EC /* AppState.swift */,
				5CF3D52298A80FDF2022766F /* Assets.xcassets */,
				911299E2ED51F00C87025E9C /* ContentView.swift */,
				019C93461E77CBBC4A908043 /* StartMyAppApp.swift */,
				3252100603716E0F25450260 /* Extensions */,
				20412BAEA15993BE9A9EEF46 /* Models */,
				AE0D60C9454523DB5CB6932D /* Services */,
				B6ABEC1DC65AD25D0AE83104 /* Views */,
			);
			path = StartMyApp;
			sourceTree = "<group>";
		};
/* End PBXGroup section */

/* Begin PBXNativeTarget section */
		93E6ACCBB5D8A50F8FF9CE15 /* StartMyApp */ = {
			isa = PBXNativeTarget;
			buildConfigurationList = 3DD0579965E1BC0C86C49981 /* Build configuration list for PBXNativeTarget "StartMyApp" */;
			buildPhases = (
				E8AE4C1491DEDBA9C16D28A5 /* Sources */,
				3877C125DED73BFC4B693FAC /* Resources */,
				11670EBBE9197BDE077E2C1B /* Frameworks */,
			);
			buildRules = (
			);
			dependencies = (
			);
			name = StartMyApp;
			packageProductDependencies = (
				60628F0A59D3D7464B9ACF33 /* LaunchDeckCore */,
			);
			productName = StartMyApp;
			productReference = 198F0D33EC315BF6B81A465D /* StartMyApp.app */;
			productType = "com.apple.product-type.application";
		};
/* End PBXNativeTarget section */

/* Begin PBXProject section */
		D46DC7C298B23F7AC07DE183 /* Project object */ = {
			isa = PBXProject;
			attributes = {
				BuildIndependentTargetsInParallel = YES;
				LastUpgradeCheck = 1430;
				TargetAttributes = {
					93E6ACCBB5D8A50F8FF9CE15 = {
						DevelopmentTeam = YPV49M8592;
						ProvisioningStyle = Automatic;
					};
				};
			};
			buildConfigurationList = B9D922A5464768A1619C9703 /* Build configuration list for PBXProject "StartMyApp" */;
			compatibilityVersion = "Xcode 14.0";
			developmentRegion = en;
			hasScannedForEncodings = 0;
			knownRegions = (
				Base,
				en,
			);
			mainGroup = F2034A1B16F68049EA53D794;
			minimizedProjectReferenceProxies = 1;
			packageReferences = (
				3D7E6CC0B548F3037E897B61 /* XCLocalSwiftPackageReference "Core" */,
			);
			preferredProjectObjectVersion = 77;
			projectDirPath = "";
			projectRoot = "";
			targets = (
				93E6ACCBB5D8A50F8FF9CE15 /* StartMyApp */,
			);
		};
/* End PBXProject section */

/* Begin PBXResourcesBuildPhase section */
		3877C125DED73BFC4B693FAC /* Resources */ = {
			isa = PBXResourcesBuildPhase;
			buildActionMask = 2147483647;
			files = (
				2522C21986959166F9EF7B6D /* Assets.xcassets in Resources */,
			);
			runOnlyForDeploymentPostprocessing = 0;
		};
/* End PBXResourcesBuildPhase section */

/* Begin PBXSourcesBuildPhase section */
		E8AE4C1491DEDBA9C16D28A5 /* Sources */ = {
			isa = PBXSourcesBuildPhase;
			buildActionMask = 2147483647;
			files = (
				3803F559F86D9925781D1EA7 /* AboutView.swift in Sources */,
				7F4C4259A130D4770C91F215 /* AboutWindowController.swift in Sources */,
				A3CB0A0A79A509647E9352BB /* AppGridSection.swift in Sources */,
				59BB63E15F42330F2ABAE7B5 /* AppIconCache.swift in Sources */,
				E4579325376D51C0FB3E90FF /* AppPreferences.swift in Sources */,
				6E664EF0AF88C0D43C9A5BCD /* AppState.swift in Sources */,
				0B82E5BB4CCC1B29F683A4CA /* AppTile.swift in Sources */,
				2CE722CE4A3B395613B04C5C /* ApplicationDirectoryMonitor.swift in Sources */,
				34910B58D9ADBCB674713E26 /* ApplicationsGridView.swift in Sources */,
				C5FB55D0DF0F082D7F05E0C7 /* Bundle+AppName.swift in Sources */,
				FF5F2B759D7B41D1278E01BA /* ContentView.swift in Sources */,
				E50922A9B5894E8813FACE8A /* FavoritesStore.swift in Sources */,
				5D9AF963A20B03FE01305ACA /* FolderTile.swift in Sources */,
				47BF5EE05DC1418F62467B00 /* GlobalShortcutCenter.swift in Sources */,
				3FF1232E1EDF75140324A90A /* KeyboardShortcutPreference.swift in Sources */,
				67811DBFE1C2D36F25479D78 /* LayoutController.swift in Sources */,
				AD77A8B767839C05543B1873 /* LayoutStore.swift in Sources */,
				CE8992008E7A2D3DF7489E7A /* RecentsStore.swift in Sources */,
				59C15311712AAC258F339C56 /* SemanticSearchController.swift in Sources */,
				0ED9B2DD460DABB7877A3C7C /* SemanticSearchService.swift in Sources */,
				8D96201155B6E022FE8A2633 /* SettingsView.swift in Sources */,
				33B6B9491BEB5AA7C3D1DB62 /* ShortcutCoordinator.swift in Sources */,
				E51707E6F99DF3FB21ED50FF /* ShortcutRecorderView.swift in Sources */,
				02AFF82A36220A6CB78016E5 /* StartMyAppApp.swift in Sources */,
				7877C2A8D44DD65D0F7AE9CB /* StatusItemCoordinator.swift in Sources */,
				F13C094CB540D7D7643937E0 /* VisualEffectBackground.swift in Sources */,
				AAFFD1EE58FF59E9292C6DE5 /* WindowAccessor.swift in Sources */,
				4196500FF0036DA8B3345ABB /* WindowManager.swift in Sources */,
			);
			runOnlyForDeploymentPostprocessing = 0;
		};
/* End PBXSourcesBuildPhase section */

/* Begin XCBuildConfiguration section */
		710C15D5A0B029B9BCB3464E /* Release */ = {
			isa = XCBuildConfiguration;
			buildSettings = {
				ASSETCATALOG_COMPILER_APPICON_NAME = AppIcon;
				ASSETCATALOG_COMPILER_GLOBAL_ACCENT_COLOR_NAME = AccentColor;
				CODE_SIGN_STYLE = Automatic;
				COMBINE_HIDPI_IMAGES = YES;
				CURRENT_PROJECT_VERSION = 1500;
				DEVELOPMENT_TEAM = YPV49M8592;
				ENABLE_APP_SANDBOX = YES;
				ENABLE_HARDENED_RUNTIME = YES;
				ENABLE_INCOMING_NETWORK_CONNECTIONS = NO;
				ENABLE_OUTGOING_NETWORK_CONNECTIONS = NO;
				ENABLE_PREVIEWS = YES;
				ENABLE_RESOURCE_ACCESS_AUDIO_INPUT = NO;
				ENABLE_RESOURCE_ACCESS_BLUETOOTH = NO;
				ENABLE_RESOURCE_ACCESS_CALENDARS = NO;
				ENABLE_RESOURCE_ACCESS_CAMERA = NO;
				ENABLE_RESOURCE_ACCESS_CONTACTS = NO;
				ENABLE_RESOURCE_ACCESS_LOCATION = NO;
				ENABLE_RESOURCE_ACCESS_PRINTING = NO;
				ENABLE_RESOURCE_ACCESS_USB = NO;
				ENABLE_USER_SELECTED_FILES = readwrite;
				GENERATE_INFOPLIST_FILE = YES;
				INFOPLIST_KEY_ITSAppUsesNonExemptEncryption = NO;
				INFOPLIST_KEY_LSApplicationCategoryType = "public.app-category.productivity";
				INFOPLIST_KEY_NSHumanReadableCopyright = "";
				LD_RUNPATH_SEARCH_PATHS = (
					"$(inherited)",
					"@executable_path/../Frameworks",
				);
				MARKETING_VERSION = 1.5;
				PRODUCT_BUNDLE_IDENTIFIER = com.xnu.startmyapp;
				PRODUCT_NAME = "$(TARGET_NAME)";
				REGISTER_APP_GROUPS = YES;
				SDKROOT = macosx;
				STRING_CATALOG_GENERATE_SYMBOLS = YES;
				SWIFT_APPROACHABLE_CONCURRENCY = YES;
				SWIFT_DEFAULT_ACTOR_ISOLATION = MainActor;
				SWIFT_EMIT_LOC_STRINGS = YES;
				SWIFT_STRICT_CONCURRENCY = complete;
				SWIFT_UPCOMING_FEATURE_MEMBER_IMPORT_VISIBILITY = YES;
				SWIFT_VERSION = 5.0;
			};
			name = Release;
		};
		7374ACF28F0F61AE9DDC40CF /* Debug */ = {
			isa = XCBuildConfiguration;
			buildSettings = {
				ASSETCATALOG_COMPILER_APPICON_NAME = AppIcon;
				ASSETCATALOG_COMPILER_GLOBAL_ACCENT_COLOR_NAME = AccentColor;
				CODE_SIGN_STYLE = Automatic;
				COMBINE_HIDPI_IMAGES = YES;
				CURRENT_PROJECT_VERSION = 1500;
				DEVELOPMENT_TEAM = YPV49M8592;
				ENABLE_APP_SANDBOX = YES;
				ENABLE_HARDENED_RUNTIME = YES;
				ENABLE_INCOMING_NETWORK_CONNECTIONS = NO;
				ENABLE_OUTGOING_NETWORK_CONNECTIONS = NO;
				ENABLE_PREVIEWS = YES;
				ENABLE_RESOURCE_ACCESS_AUDIO_INPUT = NO;
				ENABLE_RESOURCE_ACCESS_BLUETOOTH = NO;
				ENABLE_RESOURCE_ACCESS_CALENDARS = NO;
				ENABLE_RESOURCE_ACCESS_CAMERA = NO;
				ENABLE_RESOURCE_ACCESS_CONTACTS = NO;
				ENABLE_RESOURCE_ACCESS_LOCATION = NO;
				ENABLE_RESOURCE_ACCESS_PRINTING = NO;
				ENABLE_RESOURCE_ACCESS_USB = NO;
				ENABLE_USER_SELECTED_FILES = readwrite;
				GENERATE_INFOPLIST_FILE = YES;
				INFOPLIST_KEY_ITSAppUsesNonExemptEncryption = NO;
				INFOPLIST_KEY_LSApplicationCategoryType = "public.app-category.productivity";
				INFOPLIST_KEY_NSHumanReadableCopyright = "";
				LD_RUNPATH_SEARCH_PATHS = (
					"$(inherited)",
					"@executable_path/../Frameworks",
				);
				MARKETING_VERSION = 1.5;
				PRODUCT_BUNDLE_IDENTIFIER = com.xnu.startmyapp;
				PRODUCT_NAME = "$(TARGET_NAME)";
				REGISTER_APP_GROUPS = YES;
				SDKROOT = macosx;
				STRING_CATALOG_GENERATE_SYMBOLS = YES;
				SWIFT_APPROACHABLE_CONCURRENCY = YES;
				SWIFT_DEFAULT_ACTOR_ISOLATION = MainActor;
				SWIFT_EMIT_LOC_STRINGS = YES;
				SWIFT_STRICT_CONCURRENCY = complete;
				SWIFT_UPCOMING_FEATURE_MEMBER_IMPORT_VISIBILITY = YES;
				SWIFT_VERSION = 5.0;
			};
			name = Debug;
		};
		AF53D2F7165396FCB0BD7C83 /* Release */ = {
			isa = XCBuildConfiguration;
			buildSettings = {
				ALWAYS_SEARCH_USER_PATHS = NO;
				CLANG_ANALYZER_NONNULL = YES;
				CLANG_ANALYZER_NUMBER_OBJECT_CONVERSION = YES_AGGRESSIVE;
				CLANG_CXX_LANGUAGE_STANDARD = "gnu++14";
				CLANG_CXX_LIBRARY = "libc++";
				CLANG_ENABLE_MODULES = YES;
				CLANG_ENABLE_OBJC_ARC = YES;
				CLANG_ENABLE_OBJC_WEAK = YES;
				CLANG_WARN_BLOCK_CAPTURE_AUTORELEASING = YES;
				CLANG_WARN_BOOL_CONVERSION = YES;
				CLANG_WARN_COMMA = YES;
				CLANG_WARN_CONSTANT_CONVERSION = YES;
				CLANG_WARN_DEPRECATED_OBJC_IMPLEMENTATIONS = YES;
				CLANG_WARN_DIRECT_OBJC_ISA_USAGE = YES_ERROR;
				CLANG_WARN_DOCUMENTATION_COMMENTS = YES;
				CLANG_WARN_EMPTY_BODY = YES;
				CLANG_WARN_ENUM_CONVERSION = YES;
				CLANG_WARN_INFINITE_RECURSION = YES;
				CLANG_WARN_INT_CONVERSION = YES;
				CLANG_WARN_NON_LITERAL_NULL_CONVERSION = YES;
				CLANG_WARN_OBJC_IMPLICIT_RETAIN_SELF = YES;
				CLANG_WARN_OBJC_LITERAL_CONVERSION = YES;
				CLANG_WARN_OBJC_ROOT_CLASS = YES_ERROR;
				CLANG_WARN_QUOTED_INCLUDE_IN_FRAMEWORK_HEADER = YES;
				CLANG_WARN_RANGE_LOOP_ANALYSIS = YES;
				CLANG_WARN_STRICT_PROTOTYPES = YES;
				CLANG_WARN_SUSPICIOUS_MOVE = YES;
				CLANG_WARN_UNGUARDED_AVAILABILITY = YES_AGGRESSIVE;
				CLANG_WARN_UNREACHABLE_CODE = YES;
				CLANG_WARN__DUPLICATE_METHOD_MATCH = YES;
				COPY_PHASE_STRIP = NO;
				DEBUG_INFORMATION_FORMAT = "dwarf-with-dsym";
				ENABLE_NS_ASSERTIONS = NO;
				ENABLE_STRICT_OBJC_MSGSEND = YES;
				GCC_C_LANGUAGE_STANDARD = gnu11;
				GCC_NO_COMMON_BLOCKS = YES;
				GCC_WARN_64_TO_32_BIT_CONVERSION = YES;
				GCC_WARN_ABOUT_RETURN_TYPE = YES_ERROR;
				GCC_WARN_UNDECLARED_SELECTOR = YES;
				GCC_WARN_UNINITIALIZED_AUTOS = YES_AGGRESSIVE;
				GCC_WARN_UNUSED_FUNCTION = YES;
				GCC_WARN_UNUSED_VARIABLE = YES;
				MACOSX_DEPLOYMENT_TARGET = 26.0;
				MTL_ENABLE_DEBUG_INFO = NO;
				MTL_FAST_MATH = YES;
				PRODUCT_NAME = "$(TARGET_NAME)";
				SDKROOT = macosx;
				SWIFT_COMPILATION_MODE = wholemodule;
				SWIFT_OPTIMIZATION_LEVEL = "-O";
				SWIFT_VERSION = 5.0;
			};
			name = Release;
		};
		B374765E4B7C5C4D6E3ABDC0 /* Debug */ = {
			isa = XCBuildConfiguration;
			buildSettings = {
				ALWAYS_SEARCH_USER_PATHS = NO;
				CLANG_ANALYZER_NONNULL = YES;
				CLANG_ANALYZER_NUMBER_OBJECT_CONVERSION = YES_AGGRESSIVE;
				CLANG_CXX_LANGUAGE_STANDARD = "gnu++14";
				CLANG_CXX_LIBRARY = "libc++";
				CLANG_ENABLE_MODULES = YES;
				CLANG_ENABLE_OBJC_ARC = YES;
				CLANG_ENABLE_OBJC_WEAK = YES;
				CLANG_WARN_BLOCK_CAPTURE_AUTORELEASING = YES;
				CLANG_WARN_BOOL_CONVERSION = YES;
				CLANG_WARN_COMMA = YES;
				CLANG_WARN_CONSTANT_CONVERSION = YES;
				CLANG_WARN_DEPRECATED_OBJC_IMPLEMENTATIONS = YES;
				CLANG_WARN_DIRECT_OBJC_ISA_USAGE = YES_ERROR;
				CLANG_WARN_DOCUMENTATION_COMMENTS = YES;
				CLANG_WARN_EMPTY_BODY = YES;
				CLANG_WARN_ENUM_CONVERSION = YES;
				CLANG_WARN_INFINITE_RECURSION = YES;
				CLANG_WARN_INT_CONVERSION = YES;
				CLANG_WARN_NON_LITERAL_NULL_CONVERSION = YES;
				CLANG_WARN_OBJC_IMPLICIT_RETAIN_SELF = YES;
				CLANG_WARN_OBJC_LITERAL_CONVERSION = YES;
				CLANG_WARN_OBJC_ROOT_CLASS = YES_ERROR;
				CLANG_WARN_QUOTED_INCLUDE_IN_FRAMEWORK_HEADER = YES;
				CLANG_WARN_RANGE_LOOP_ANALYSIS = YES;
				CLANG_WARN_STRICT_PROTOTYPES = YES;
				CLANG_WARN_SUSPICIOUS_MOVE = YES;
				CLANG_WARN_UNGUARDED_AVAILABILITY = YES_AGGRESSIVE;
				CLANG_WARN_UNREACHABLE_CODE = YES;
				CLANG_WARN__DUPLICATE_METHOD_MATCH = YES;
				COPY_PHASE_STRIP = NO;
				DEBUG_INFORMATION_FORMAT = dwarf;
				ENABLE_STRICT_OBJC_MSGSEND = YES;
				ENABLE_TESTABILITY = YES;
				GCC_C_LANGUAGE_STANDARD = gnu11;
				GCC_DYNAMIC_NO_PIC = NO;
				GCC_NO_COMMON_BLOCKS = YES;
				GCC_OPTIMIZATION_LEVEL = 0;
				GCC_PREPROCESSOR_DEFINITIONS = (
					"$(inherited)",
					"DEBUG=1",
				);
				GCC_WARN_64_TO_32_BIT_CONVERSION = YES;
				GCC_WARN_ABOUT_RETURN_TYPE = YES_ERROR;
				GCC_WARN_UNDECLARED_SELECTOR = YES;
				GCC_WARN_UNINITIALIZED_AUTOS = YES_AGGRESSIVE;
				GCC_WARN_UNUSED_FUNCTION = YES;
				GCC_WARN_UNUSED_VARIABLE = YES;
				MACOSX_DEPLOYMENT_TARGET = 26.0;
				MTL_ENABLE_DEBUG_INFO = INCLUDE_SOURCE;
				MTL_FAST_MATH = YES;
				ONLY_ACTIVE_ARCH = YES;
				PRODUCT_NAME = "$(TARGET_NAME)";
				SDKROOT = macosx;
				SWIFT_ACTIVE_COMPILATION_CONDITIONS = DEBUG;
				SWIFT_OPTIMIZATION_LEVEL = "-Onone";
				SWIFT_VERSION = 5.0;
			};
			name = Debug;
		};
/* End XCBuildConfiguration section */

/* Begin XCConfigurationList section */
		3DD0579965E1BC0C86C49981 /* Build configuration list for PBXNativeTarget "StartMyApp" */ = {
			isa = XCConfigurationList;
			buildConfigurations = (
				7374ACF28F0F61AE9DDC40CF /* Debug */,
				710C15D5A0B029B9BCB3464E /* Release */,
			);
			defaultConfigurationIsVisible = 0;
			defaultConfigurationName = Debug;
		};
		B9D922A5464768A1619C9703 /* Build configuration list for PBXProject "StartMyApp" */ = {
			isa = XCConfigurationList;
			buildConfigurations = (
				B374765E4B7C5C4D6E3ABDC0 /* Debug */,
				AF53D2F7165396FCB0BD7C83 /* Release */,
			);
			defaultConfigurationIsVisible = 0;
			defaultConfigurationName = Debug;
		};
/* End XCConfigurationList section */

/* Begin XCLocalSwiftPackageReference section */
		3D7E6CC0B548F3037E897B61 /* XCLocalSwiftPackageReference "Core" */ = {
			isa = XCLocalSwiftPackageReference;
			relativePath = Core;
		};
/* End XCLocalSwiftPackageReference section */

/* Begin XCSwiftPackageProductDependency section */
		60628F0A59D3D7464B9ACF33 /* LaunchDeckCore */ = {
			isa = XCSwiftPackageProductDependency;
			productName = LaunchDeckCore;
		};
/* End XCSwiftPackageProductDependency section */
	};
	rootObject = D46DC7C298B23F7AC07DE183 /* Project object */;
}
